
Microsoft Visual Studio Solution File, Format Version 12.00
# Visual Studio 15
VisualStudioVersion = 15.0.26730.16
MinimumVisualStudioVersion = 10.0.40219.1
Project("{FAE04EC0-301F-11D3-BF4B-00C04F79EFBC}") = "Lab27Tom", "Lab27Tom\Lab27Tom.csproj", "{DE15216E-8139-4102-8C11-0661056D5040}"
EndProject
Global
	GlobalSection(SolutionConfigurationPlatforms) = preSolution
		Debug|Any CPU = Debug|Any CPU
		Release|Any CPU = Release|Any CPU
	EndGlobalSection
	GlobalSection(ProjectConfigurationPlatforms) = postSolution
		{DE15216E-8139-4102-8C11-0661056D5040}.Debug|Any CPU.ActiveCfg = Debug|Any CPU
		{DE15216E-8139-4102-8C11-0661056D5040}.Debug|Any CPU.Build.0 = Debug|Any CPU
		{DE15216E-8139-4102-8C11-0661056D5040}.Release|Any CPU.ActiveCfg = Release|Any CPU
		{DE15216E-8139-4102-8C11-0661056D5040}.Release|Any CPU.Build.0 = Release|Any CPU
	EndGlobalSection
	GlobalSection(SolutionProperties) = preSolution
		HideSolutionNode = FALSE
	EndGlobalSection
	GlobalSection(ExtensibilityGlobals) = postSolution
		SolutionGuid = {31E3E41C-6BC3-4B12-BF1B-397A5B8E5B4C}
	EndGlobalSection
EndGlobal
